
Microsoft Visual Studio Solution File, Format Version 12.00
# Visual Studio 14
VisualStudioVersion = 14.0.23107.0
MinimumVisualStudioVersion = 10.0.40219.1
Project("{9092AA53-FB77-4645-B42D-1CCCA6BD08BD}") = "ReceptuMeistrasPlugin", "ReceptuMeistrasPlugin.njsproj", "{AB1CA260-53C8-4E72-AD51-83913F4DB1FC}"
EndProject
Global
	GlobalSection(SolutionConfigurationPlatforms) = preSolution
		Debug|Any CPU = Debug|Any CPU
		Release|Any CPU = Release|Any CPU
	EndGlobalSection
	GlobalSection(ProjectConfigurationPlatforms) = postSolution
		{AB1CA260-53C8-4E72-AD51-83913F4DB1FC}.Debug|Any CPU.ActiveCfg = Debug|Any CPU
		{AB1CA260-53C8-4E72-AD51-83913F4DB1FC}.Debug|Any CPU.Build.0 = Debug|Any CPU
		{AB1CA260-53C8-4E72-AD51-83913F4DB1FC}.Release|Any CPU.ActiveCfg = Release|Any CPU
		{AB1CA260-53C8-4E72-AD51-83913F4DB1FC}.Release|Any CPU.Build.0 = Release|Any CPU
	EndGlobalSection
	GlobalSection(SolutionProperties) = preSolution
		HideSolutionNode = FALSE
	EndGlobalSection
EndGlobal
